// !$*UTF8*$!
{
	archiveVersion = 1;
	classes = {
	};
	objectVersion = 51;
	objects = {

/* Begin PBXBuildFile section */
		0667D9B52E81B6876E6DC321 /* Pods_CurrencyConverterTests.framework in Frameworks */ = {isa = PBXBuildFile; fileRef = 96AB200E513FD6472709A66E /* Pods_CurrencyConverterTests.framework */; };
		4630F1E223367BE4001A7A40 /* CurrencyTextField.swift in Sources */ = {isa = PBXBuildFile; fileRef = 4630F1E023367BE4001A7A40 /* CurrencyTextField.swift */; };
		4630F1E323367BE4001A7A40 /* CurrencyTextField.xib in Resources */ = {isa = PBXBuildFile; fileRef = 4630F1E123367BE4001A7A40 /* CurrencyTextField.xib */; };
		4630F1E5233686E3001A7A40 /* CurrencyConversionViewController.swift in Sources */ = {isa = PBXBuildFile; fileRef = 4630F1E4233686E3001A7A40 /* CurrencyConversionViewController.swift */; };
		4630F1E72336887A001A7A40 /* CurrencyConversionViewModel.swift in Sources */ = {isa = PBXBuildFile; fileRef = 4630F1E62336887A001A7A40 /* CurrencyConversionViewModel.swift */; };
		4645919123341B6600E30CD1 /* CurrenciesViewModel.swift in Sources */ = {isa = PBXBuildFile; fileRef = 4645919023341B6600E30CD1 /* CurrenciesViewModel.swift */; };
		4645919323341B8300E30CD1 /* Currency.swift in Sources */ = {isa = PBXBuildFile; fileRef = 4645919223341B8300E30CD1 /* Currency.swift */; };
		4645919A233429AD00E30CD1 /* Constants.swift in Sources */ = {isa = PBXBuildFile; fileRef = 46459199233429AD00E30CD1 /* Constants.swift */; };
		4645919D23342A6D00E30CD1 /* ColorExtension.swift in Sources */ = {isa = PBXBuildFile; fileRef = 4645919C23342A6D00E30CD1 /* ColorExtension.swift */; };
		464591A023342AEE00E30CD1 /* CurrencyService.swift in Sources */ = {isa = PBXBuildFile; fileRef = 4645919F23342AEE00E30CD1 /* CurrencyService.swift */; };
		464591A423342B7700E30CD1 /* LatestCurrencyResultModel.swift in Sources */ = {isa = PBXBuildFile; fileRef = 464591A323342B7700E30CD1 /* LatestCurrencyResultModel.swift */; };
		464591A623342CA000E30CD1 /* SymbolsResultModel.swift in Sources */ = {isa = PBXBuildFile; fileRef = 464591A523342CA000E30CD1 /* SymbolsResultModel.swift */; };
		467533472333B59600A2063A /* AppDelegate.swift in Sources */ = {isa = PBXBuildFile; fileRef = 467533462333B59600A2063A /* AppDelegate.swift */; };
		467533492333B59600A2063A /* CurrenciesViewController.swift in Sources */ = {isa = PBXBuildFile; fileRef = 467533482333B59600A2063A /* CurrenciesViewController.swift */; };
		4675334C2333B59600A2063A /* Main.storyboard in Resources */ = {isa = PBXBuildFile; fileRef = 4675334A2333B59600A2063A /* Main.storyboard */; };
		4675334E2333B59800A2063A /* Assets.xcassets in Resources */ = {isa = PBXBuildFile; fileRef = 4675334D2333B59800A2063A /* Assets.xcassets */; };
		467533512333B59800A2063A /* LaunchScreen.storyboard in Resources */ = {isa = PBXBuildFile; fileRef = 4675334F2333B59800A2063A /* LaunchScreen.storyboard */; };
		4675335C2333B59800A2063A /* CurrencyConverterTests.swift in Sources */ = {isa = PBXBuildFile; fileRef = 4675335B2333B59800A2063A /* CurrencyConverterTests.swift */; };
		467533672333B59800A2063A /* CurrencyConverterUITests.swift in Sources */ = {isa = PBXBuildFile; fileRef = 467533662333B59800A2063A /* CurrencyConverterUITests.swift */; };
		469D54D62393027D00B66A98 /* BaseViewModel.swift in Sources */ = {isa = PBXBuildFile; fileRef = 469D54D52393027D00B66A98 /* BaseViewModel.swift */; };
		46C845762334B4F700B37A50 /* StringExtension.swift in Sources */ = {isa = PBXBuildFile; fileRef = 46C845752334B4F700B37A50 /* StringExtension.swift */; };
		46C8457D2334B66500B37A50 /* Localizable.strings in Resources */ = {isa = PBXBuildFile; fileRef = 46C8457F2334B66500B37A50 /* Localizable.strings */; };
		46C845842334C51000B37A50 /* CurrencyTableViewCell.swift in Sources */ = {isa = PBXBuildFile; fileRef = 46C845822334C51000B37A50 /* CurrencyTableViewCell.swift */; };
		46C845852334C51000B37A50 /* CurrencyTableViewCell.xib in Resources */ = {isa = PBXBuildFile; fileRef = 46C845832334C51000B37A50 /* CurrencyTableViewCell.xib */; };
		46C845872334EC6E00B37A50 /* ViewUtil.swift in Sources */ = {isa = PBXBuildFile; fileRef = 46C845862334EC6E00B37A50 /* ViewUtil.swift */; };
		46C845892334EEAD00B37A50 /* BaseViewController.swift in Sources */ = {isa = PBXBuildFile; fileRef = 46C845882334EEAD00B37A50 /* BaseViewController.swift */; };
		46C8458C2335059B00B37A50 /* NSObjectExtension.swift in Sources */ = {isa = PBXBuildFile; fileRef = 46C8458B2335059B00B37A50 /* NSObjectExtension.swift */; };
		B37EF0305E2FDD7403262A68 /* Pods_CurrencyConverter.framework in Frameworks */ = {isa = PBXBuildFile; fileRef = 12CDD8562179BB22972B81ED /* Pods_CurrencyConverter.framework */; };
		C8083C2B6275C1D814498F14 /* Pods_CurrencyConverterUITests.framework in Frameworks */ = {isa = PBXBuildFile; fileRef = 6CFD628D28FDA5EE19354EC6 /* Pods_CurrencyConverterUITests.framework */; };
/* End PBXBuildFile section */

/* Begin PBXContainerItemProxy section */
		467533582333B59800A2063A /* PBXContainerItemProxy */ = {
			isa = PBXContainerItemProxy;
			containerPortal = 4675333B2333B59600A2063A /* Project object */;
			proxyType = 1;
			remoteGlobalIDString = 467533422333B59600A2063A;
			remoteInfo = CurrencyConverter;
		};
		467533632333B59800A2063A /* PBXContainerItemProxy */ = {
			isa = PBXContainerItemProxy;
			containerPortal = 4675333B2333B59600A2063A /* Project object */;
			proxyType = 1;
			remoteGlobalIDString = 467533422333B59600A2063A;
			remoteInfo = CurrencyConverter;
		};
/* End PBXContainerItemProxy section */

/* Begin PBXFileReference section */
		017EB6C6795D0772EBD024DA /* Pods-CurrencyConverterUITests.release.xcconfig */ = {isa = PBXFileReference; includeInIndex = 1; lastKnownFileType = text.xcconfig; name = "Pods-CurrencyConverterUITests.release.xcconfig"; path = "Pods/Target Support Files/Pods-CurrencyConverterUITests/Pods-CurrencyConverterUITests.release.xcconfig"; sourceTree = "<group>"; };
		12CDD8562179BB22972B81ED /* Pods_CurrencyConverter.framework */ = {isa = PBXFileReference; explicitFileType = wrapper.framework; includeInIndex = 0; path = Pods_CurrencyConverter.framework; sourceTree = BUILT_PRODUCTS_DIR; };
		1AB1180155000BF53D12F85C /* Pods-CurrencyConverterTests.debug.xcconfig */ = {isa = PBXFileReference; includeInIndex = 1; lastKnownFileType = text.xcconfig; name = "Pods-CurrencyConverterTests.debug.xcconfig"; path = "Pods/Target Support Files/Pods-CurrencyConverterTests/Pods-CurrencyConverterTests.debug.xcconfig"; sourceTree = "<group>"; };
		398C5D5B3AE4C464A684FA4B /* Pods-CurrencyConverter.release.xcconfig */ = {isa = PBXFileReference; includeInIndex = 1; lastKnownFileType = text.xcconfig; name = "Pods-CurrencyConverter.release.xcconfig"; path = "Target Support Files/Pods-CurrencyConverter/Pods-CurrencyConverter.release.xcconfig"; sourceTree = "<group>"; };
		4630F1E023367BE4001A7A40 /* CurrencyTextField.swift */ = {isa = PBXFileReference; fileEncoding = 4; lastKnownFileType = sourcecode.swift; path = CurrencyTextField.swift; sourceTree = "<group>"; };
		4630F1E123367BE4001A7A40 /* CurrencyTextField.xib */ = {isa = PBXFileReference; fileEncoding = 4; lastKnownFileType = file.xib; path = CurrencyTextField.xib; sourceTree = "<group>"; };
		4630F1E4233686E3001A7A40 /* CurrencyConversionViewController.swift */ = {isa = PBXFileReference; lastKnownFileType = sourcecode.swift; path = CurrencyConversionViewController.swift; sourceTree = "<group>"; };
		4630F1E62336887A001A7A40 /* CurrencyConversionViewModel.swift */ = {isa = PBXFileReference; lastKnownFileType = sourcecode.swift; path = CurrencyConversionViewModel.swift; sourceTree = "<group>"; };
		4645919023341B6600E30CD1 /* CurrenciesViewModel.swift */ = {isa = PBXFileReference; lastKnownFileType = sourcecode.swift; path = CurrenciesViewModel.swift; sourceTree = "<group>"; };
		4645919223341B8300E30CD1 /* Currency.swift */ = {isa = PBXFileReference; lastKnownFileType = sourcecode.swift; path = Currency.swift; sourceTree = "<group>"; };
		46459199233429AD00E30CD1 /* Constants.swift */ = {isa = PBXFileReference; lastKnownFileType = sourcecode.swift; path = Constants.swift; sourceTree = "<group>"; };
		4645919C23342A6D00E30CD1 /* ColorExtension.swift */ = {isa = PBXFileReference; lastKnownFileType = sourcecode.swift; path = ColorExtension.swift; sourceTree = "<group>"; };
		4645919F23342AEE00E30CD1 /* CurrencyService.swift */ = {isa = PBXFileReference; lastKnownFileType = sourcecode.swift; path = CurrencyService.swift; sourceTree = "<group>"; };
		464591A323342B7700E30CD1 /* LatestCurrencyResultModel.swift */ = {isa = PBXFileReference; lastKnownFileType = sourcecode.swift; path = LatestCurrencyResultModel.swift; sourceTree = "<group>"; };
		464591A523342CA000E30CD1 /* SymbolsResultModel.swift */ = {isa = PBXFileReference; lastKnownFileType = sourcecode.swift; path = SymbolsResultModel.swift; sourceTree = "<group>"; };
		467533432333B59600A2063A /* CurrencyConverter.app */ = {isa = PBXFileReference; explicitFileType = wrapper.application; includeInIndex = 0; path = CurrencyConverter.app; sourceTree = BUILT_PRODUCTS_DIR; };
		467533462333B59600A2063A /* AppDelegate.swift */ = {isa = PBXFileReference; lastKnownFileType = sourcecode.swift; path = AppDelegate.swift; sourceTree = "<group>"; };
		467533482333B59600A2063A /* CurrenciesViewController.swift */ = {isa = PBXFileReference; lastKnownFileType = sourcecode.swift; path = CurrenciesViewController.swift; sourceTree = "<group>"; };
		4675334B2333B59600A2063A /* Base */ = {isa = PBXFileReference; lastKnownFileType = file.storyboard; name = Base; path = Base.lproj/Main.storyboard; sourceTree = "<group>"; };
		4675334D2333B59800A2063A /* Assets.xcassets */ = {isa = PBXFileReference; lastKnownFileType = folder.assetcatalog; path = Assets.xcassets; sourceTree = "<group>"; };
		467533502333B59800A2063A /* Base */ = {isa = PBXFileReference; lastKnownFileType = file.storyboard; name = Base; path = Base.lproj/LaunchScreen.storyboard; sourceTree = "<group>"; };
		467533522333B59800A2063A /* Info.plist */ = {isa = PBXFileReference; lastKnownFileType = text.plist.xml; path = Info.plist; sourceTree = "<group>"; };
		467533572333B59800A2063A /* CurrencyConverterTests.xctest */ = {isa = PBXFileReference; explicitFileType = wrapper.cfbundle; includeInIndex = 0; path = CurrencyConverterTests.xctest; sourceTree = BUILT_PRODUCTS_DIR; };
		4675335B2333B59800A2063A /* CurrencyConverterTests.swift */ = {isa = PBXFileReference; lastKnownFileType = sourcecode.swift; path = CurrencyConverterTests.swift; sourceTree = "<group>"; };
		4675335D2333B59800A2063A /* Info.plist */ = {isa = PBXFileReference; lastKnownFileType = text.plist.xml; path = Info.plist; sourceTree = "<group>"; };
		467533622333B59800A2063A /* CurrencyConverterUITests.xctest */ = {isa = PBXFileReference; explicitFileType = wrapper.cfbundle; includeInIndex = 0; path = CurrencyConverterUITests.xctest; sourceTree = BUILT_PRODUCTS_DIR; };
		467533662333B59800A2063A /* CurrencyConverterUITests.swift */ = {isa = PBXFileReference; lastKnownFileType = sourcecode.swift; path = CurrencyConverterUITests.swift; sourceTree = "<group>"; };
		467533682333B59800A2063A /* Info.plist */ = {isa = PBXFileReference; lastKnownFileType = text.plist.xml; path = Info.plist; sourceTree = "<group>"; };
		469D54D52393027D00B66A98 /* BaseViewModel.swift */ = {isa = PBXFileReference; lastKnownFileType = sourcecode.swift; path = BaseViewModel.swift; sourceTree = "<group>"; };
		46C845752334B4F700B37A50 /* StringExtension.swift */ = {isa = PBXFileReference; lastKnownFileType = sourcecode.swift; path = StringExtension.swift; sourceTree = "<group>"; };
		46C8457A2334B62200B37A50 /* en */ = {isa = PBXFileReference; lastKnownFileType = text.plist.strings; name = en; path = en.lproj/Main.strings; sourceTree = "<group>"; };
		46C8457E2334B66500B37A50 /* en */ = {isa = PBXFileReference; lastKnownFileType = text.plist.strings; name = en; path = en.lproj/Localizable.strings; sourceTree = "<group>"; };
		46C845822334C51000B37A50 /* CurrencyTableViewCell.swift */ = {isa = PBXFileReference; lastKnownFileType = sourcecode.swift; path = CurrencyTableViewCell.swift; sourceTree = "<group>"; };
		46C845832334C51000B37A50 /* CurrencyTableViewCell.xib */ = {isa = PBXFileReference; lastKnownFileType = file.xib; path = CurrencyTableViewCell.xib; sourceTree = "<group>"; };
		46C845862334EC6E00B37A50 /* ViewUtil.swift */ = {isa = PBXFileReference; lastKnownFileType = sourcecode.swift; path = ViewUtil.swift; sourceTree = "<group>"; };
		46C845882334EEAD00B37A50 /* BaseViewController.swift */ = {isa = PBXFileReference; lastKnownFileType = sourcecode.swift; path = BaseViewController.swift; sourceTree = "<group>"; };
		46C8458B2335059B00B37A50 /* NSObjectExtension.swift */ = {isa = PBXFileReference; lastKnownFileType = sourcecode.swift; path = NSObjectExtension.swift; sourceTree = "<group>"; };
		4EB637FE2EAD5D5623E9CBAA /* Pods-CurrencyConverterTests.release.xcconfig */ = {isa = PBXFileReference; includeInIndex = 1; lastKnownFileType = text.xcconfig; name = "Pods-CurrencyConverterTests.release.xcconfig"; path = "Pods/Target Support Files/Pods-CurrencyConverterTests/Pods-CurrencyConverterTests.release.xcconfig"; sourceTree = "<group>"; };
		55B2300AD6BD88F0853B7711 /* Pods-CurrencyConverterUITests.debug.xcconfig */ = {isa = PBXFileReference; includeInIndex = 1; lastKnownFileType = text.xcconfig; name = "Pods-CurrencyConverterUITests.debug.xcconfig"; path = "Target Support Files/Pods-CurrencyConverterUITests/Pods-CurrencyConverterUITests.debug.xcconfig"; sourceTree = "<group>"; };
		5C4CFE1487F711FD72F0AC35 /* Pods-CurrencyConverterUITests.debug.xcconfig */ = {isa = PBXFileReference; includeInIndex = 1; lastKnownFileType = text.xcconfig; name = "Pods-CurrencyConverterUITests.debug.xcconfig"; path = "Pods/Target Support Files/Pods-CurrencyConverterUITests/Pods-CurrencyConverterUITests.debug.xcconfig"; sourceTree = "<group>"; };
		6B2043BCE52EA9B281A61704 /* Pods-CurrencyConverterUITests.release.xcconfig */ = {isa = PBXFileReference; includeInIndex = 1; lastKnownFileType = text.xcconfig; name = "Pods-CurrencyConverterUITests.release.xcconfig"; path = "Target Support Files/Pods-CurrencyConverterUITests/Pods-CurrencyConverterUITests.release.xcconfig"; sourceTree = "<group>"; };
		6CFD628D28FDA5EE19354EC6 /* Pods_CurrencyConverterUITests.framework */ = {isa = PBXFileReference; explicitFileType = wrapper.framework; includeInIndex = 0; path = Pods_CurrencyConverterUITests.framework; sourceTree = BUILT_PRODUCTS_DIR; };
		96AB200E513FD6472709A66E /* Pods_CurrencyConverterTests.framework */ = {isa = PBXFileReference; explicitFileType = wrapper.framework; includeInIndex = 0; path = Pods_CurrencyConverterTests.framework; sourceTree = BUILT_PRODUCTS_DIR; };
		A8FD0A48C89192361FDD9FDD /* Pods-CurrencyConverterTests.release.xcconfig */ = {isa = PBXFileReference; includeInIndex = 1; lastKnownFileType = text.xcconfig; name = "Pods-CurrencyConverterTests.release.xcconfig"; path = "Target Support Files/Pods-CurrencyConverterTests/Pods-CurrencyConverterTests.release.xcconfig"; sourceTree = "<group>"; };
		B51F00E5B727B540E2C6F41C /* Pods-CurrencyConverterTests.debug.xcconfig */ = {isa = PBXFileReference; includeInIndex = 1; lastKnownFileType = text.xcconfig; name = "Pods-CurrencyConverterTests.debug.xcconfig"; path = "Target Support Files/Pods-CurrencyConverterTests/Pods-CurrencyConverterTests.debug.xcconfig"; sourceTree = "<group>"; };
		BD1CF460D3767C0530C4B78D /* Pods-CurrencyConverter.debug.xcconfig */ = {isa = PBXFileReference; includeInIndex = 1; lastKnownFileType = text.xcconfig; name = "Pods-CurrencyConverter.debug.xcconfig"; path = "Pods/Target Support Files/Pods-CurrencyConverter/Pods-CurrencyConverter.debug.xcconfig"; sourceTree = "<group>"; };
		D1C003E1005FC3231E89EAD3 /* Pods-CurrencyConverter.release.xcconfig */ = {isa = PBXFileReference; includeInIndex = 1; lastKnownFileType = text.xcconfig; name = "Pods-CurrencyConverter.release.xcconfig"; path = "Pods/Target Support Files/Pods-CurrencyConverter/Pods-CurrencyConverter.release.xcconfig"; sourceTree = "<group>"; };
		DB2182F98A1B829A6282EC42 /* Pods-CurrencyConverter.debug.xcconfig */ = {isa = PBXFileReference; includeInIndex = 1; lastKnownFileType = text.xcconfig; name = "Pods-CurrencyConverter.debug.xcconfig"; path = "Target Support Files/Pods-CurrencyConverter/Pods-CurrencyConverter.debug.xcconfig"; sourceTree = "<group>"; };
/* End PBXFileReference section */

/* Begin PBXFrameworksBuildPhase section */
		467533402333B59600A2063A /* Frameworks */ = {
			isa = PBXFrameworksBuildPhase;
			buildActionMask = 2147483647;
			files = (
				B37EF0305E2FDD7403262A68 /* Pods_CurrencyConverter.framework in Frameworks */,
			);
			runOnlyForDeploymentPostprocessing = 0;
		};
		467533542333B59800A2063A /* Frameworks */ = {
			isa = PBXFrameworksBuildPhase;
			buildActionMask = 2147483647;
			files = (
				0667D9B52E81B6876E6DC321 /* Pods_CurrencyConverterTests.framework in Frameworks */,
			);
			runOnlyForDeploymentPostprocessing = 0;
		};
		4675335F2333B59800A2063A /* Frameworks */ = {
			isa = PBXFrameworksBuildPhase;
			buildActionMask = 2147483647;
			files = (
				C8083C2B6275C1D814498F14 /* Pods_CurrencyConverterUITests.framework in Frameworks */,
			);
			runOnlyForDeploymentPostprocessing = 0;
		};
/* End PBXFrameworksBuildPhase section */

/* Begin PBXGroup section */
		4630F1DE23367B5C001A7A40 /* Views */ = {
			isa = PBXGroup;
			children = (
				4630F1DF23367BE4001A7A40 /* CurrencyTextField */,
			);
			path = Views;
			sourceTree = "<group>";
		};
		4630F1DF23367BE4001A7A40 /* CurrencyTextField */ = {
			isa = PBXGroup;
			children = (
				4630F1E023367BE4001A7A40 /* CurrencyTextField.swift */,
				4630F1E123367BE4001A7A40 /* CurrencyTextField.xib */,
			);
			path = CurrencyTextField;
			sourceTree = "<group>";
		};
		4645918C23341A3900E30CD1 /* Model */ = {
			isa = PBXGroup;
			children = (
				4645919223341B8300E30CD1 /* Currency.swift */,
			);
			path = Model;
			sourceTree = "<group>";
		};
		4645918D23341A4400E30CD1 /* ViewModel */ = {
			isa = PBXGroup;
			children = (
				4645919023341B6600E30CD1 /* CurrenciesViewModel.swift */,
				4630F1E62336887A001A7A40 /* CurrencyConversionViewModel.swift */,
				469D54D52393027D00B66A98 /* BaseViewModel.swift */,
			);
			path = ViewModel;
			sourceTree = "<group>";
		};
		4645918E23341A4C00E30CD1 /* ViewController */ = {
			isa = PBXGroup;
			children = (
				467533482333B59600A2063A /* CurrenciesViewController.swift */,
				46C845882334EEAD00B37A50 /* BaseViewController.swift */,
				4630F1E4233686E3001A7A40 /* CurrencyConversionViewController.swift */,
			);
			path = ViewController;
			sourceTree = "<group>";
		};
		4645918F23341A6400E30CD1 /* Cell */ = {
			isa = PBXGroup;
			children = (
				46C845812334C4F800B37A50 /* CurrencyTableViewCell */,
			);
			path = Cell;
			sourceTree = "<group>";
		};
		4645919423341B9200E30CD1 /* StoryBoard */ = {
			isa = PBXGroup;
			children = (
				4675334F2333B59800A2063A /* LaunchScreen.storyboard */,
				4675334A2333B59600A2063A /* Main.storyboard */,
			);
			path = StoryBoard;
			sourceTree = "<group>";
		};
		464591982334299600E30CD1 /* Util */ = {
			isa = PBXGroup;
			children = (
				46459199233429AD00E30CD1 /* Constants.swift */,
				46C845862334EC6E00B37A50 /* ViewUtil.swift */,
			);
			path = Util;
			sourceTree = "<group>";
		};
		4645919B23342A4400E30CD1 /* Extension */ = {
			isa = PBXGroup;
			children = (
				4645919C23342A6D00E30CD1 /* ColorExtension.swift */,
				46C845752334B4F700B37A50 /* StringExtension.swift */,
				46C8458B2335059B00B37A50 /* NSObjectExtension.swift */,
			);
			path = Extension;
			sourceTree = "<group>";
		};
		4645919E23342AB800E30CD1 /* Service */ = {
			isa = PBXGroup;
			children = (
				4645919F23342AEE00E30CD1 /* CurrencyService.swift */,
			);
			path = Service;
			sourceTree = "<group>";
		};
		464591A123342B5500E30CD1 /* Network */ = {
			isa = PBXGroup;
			children = (
				464591A223342B5B00E30CD1 /* Model */,
			);
			path = Network;
			sourceTree = "<group>";
		};
		464591A223342B5B00E30CD1 /* Model */ = {
			isa = PBXGroup;
			children = (
				464591A323342B7700E30CD1 /* LatestCurrencyResultModel.swift */,
				464591A523342CA000E30CD1 /* SymbolsResultModel.swift */,
			);
			path = Model;
			sourceTree = "<group>";
		};
		4675333A2333B59600A2063A = {
			isa = PBXGroup;
			children = (
				467533452333B59600A2063A /* CurrencyConverter */,
				4675335A2333B59800A2063A /* CurrencyConverterTests */,
				467533652333B59800A2063A /* CurrencyConverterUITests */,
				467533442333B59600A2063A /* Products */,
				EE18FA5608FB2A8612751A65 /* Pods */,
				73676C6CF2F662C47311B6A2 /* Frameworks */,
			);
			sourceTree = "<group>";
		};
		467533442333B59600A2063A /* Products */ = {
			isa = PBXGroup;
			children = (
				467533432333B59600A2063A /* CurrencyConverter.app */,
				467533572333B59800A2063A /* CurrencyConverterTests.xctest */,
				467533622333B59800A2063A /* CurrencyConverterUITests.xctest */,
			);
			name = Products;
			sourceTree = "<group>";
		};
		467533452333B59600A2063A /* CurrencyConverter */ = {
			isa = PBXGroup;
			children = (
				4630F1DE23367B5C001A7A40 /* Views */,
				464591A123342B5500E30CD1 /* Network */,
				4645919E23342AB800E30CD1 /* Service */,
				4645919B23342A4400E30CD1 /* Extension */,
				4645919423341B9200E30CD1 /* StoryBoard */,
				4645918F23341A6400E30CD1 /* Cell */,
				4645918E23341A4C00E30CD1 /* ViewController */,
				4645918D23341A4400E30CD1 /* ViewModel */,
				4645918C23341A3900E30CD1 /* Model */,
				464591982334299600E30CD1 /* Util */,
				467533462333B59600A2063A /* AppDelegate.swift */,
				4675334D2333B59800A2063A /* Assets.xcassets */,
				467533522333B59800A2063A /* Info.plist */,
				46C8457F2334B66500B37A50 /* Localizable.strings */,
			);
			path = CurrencyConverter;
			sourceTree = "<group>";
		};
		4675335A2333B59800A2063A /* CurrencyConverterTests */ = {
			isa = PBXGroup;
			children = (
				4675335B2333B59800A2063A /* CurrencyConverterTests.swift */,
				4675335D2333B59800A2063A /* Info.plist */,
			);
			path = CurrencyConverterTests;
			sourceTree = "<group>";
		};
		467533652333B59800A2063A /* CurrencyConverterUITests */ = {
			isa = PBXGroup;
			children = (
				467533662333B59800A2063A /* CurrencyConverterUITests.swift */,
				467533682333B59800A2063A /* Info.plist */,
			);
			path = CurrencyConverterUITests;
			sourceTree = "<group>";
		};
		46C845812334C4F800B37A50 /* CurrencyTableViewCell */ = {
			isa = PBXGroup;
			children = (
				46C845822334C51000B37A50 /* CurrencyTableViewCell.swift */,
				46C845832334C51000B37A50 /* CurrencyTableViewCell.xib */,
			);
			path = CurrencyTableViewCell;
			sourceTree = "<group>";
		};
		73676C6CF2F662C47311B6A2 /* Frameworks */ = {
			isa = PBXGroup;
			children = (
				12CDD8562179BB22972B81ED /* Pods_CurrencyConverter.framework */,
				96AB200E513FD6472709A66E /* Pods_CurrencyConverterTests.framework */,
				6CFD628D28FDA5EE19354EC6 /* Pods_CurrencyConverterUITests.framework */,
			);
			name = Frameworks;
			sourceTree = "<group>";
		};
		EE18FA5608FB2A8612751A65 /* Pods */ = {
			isa = PBXGroup;
			children = (
				DB2182F98A1B829A6282EC42 /* Pods-CurrencyConverter.debug.xcconfig */,
				398C5D5B3AE4C464A684FA4B /* Pods-CurrencyConverter.release.xcconfig */,
				B51F00E5B727B540E2C6F41C /* Pods-CurrencyConverterTests.debug.xcconfig */,
				A8FD0A48C89192361FDD9FDD /* Pods-CurrencyConverterTests.release.xcconfig */,
				55B2300AD6BD88F0853B7711 /* Pods-CurrencyConverterUITests.debug.xcconfig */,
				6B2043BCE52EA9B281A61704 /* Pods-CurrencyConverterUITests.release.xcconfig */,
				BD1CF460D3767C0530C4B78D /* Pods-CurrencyConverter.debug.xcconfig */,
				D1C003E1005FC3231E89EAD3 /* Pods-CurrencyConverter.release.xcconfig */,
				1AB1180155000BF53D12F85C /* Pods-CurrencyConverterTests.debug.xcconfig */,
				4EB637FE2EAD5D5623E9CBAA /* Pods-CurrencyConverterTests.release.xcconfig */,
				5C4CFE1487F711FD72F0AC35 /* Pods-CurrencyConverterUITests.debug.xcconfig */,
				017EB6C6795D0772EBD024DA /* Pods-CurrencyConverterUITests.release.xcconfig */,
			);
			path = Pods;
			sourceTree = "<group>";
		};
/* End PBXGroup section */

/* Begin PBXNativeTarget section */
		467533422333B59600A2063A /* CurrencyConverter */ = {
			isa = PBXNativeTarget;
			buildConfigurationList = 4675336B2333B59800A2063A /* Build configuration list for PBXNativeTarget "CurrencyConverter" */;
			buildPhases = (
				4786D3542718582EE01E166C /* [CP] Check Pods Manifest.lock */,
				4675333F2333B59600A2063A /* Sources */,
				467533402333B59600A2063A /* Frameworks */,
				467533412333B59600A2063A /* Resources */,
				56A3E10CD792B5730A57D340 /* [CP] Embed Pods Frameworks */,
			);
			buildRules = (
			);
			dependencies = (
			);
			name = CurrencyConverter;
			productName = CurrencyConverter;
			productReference = 467533432333B59600A2063A /* CurrencyConverter.app */;
			productType = "com.apple.product-type.application";
		};
		467533562333B59800A2063A /* CurrencyConverterTests */ = {
			isa = PBXNativeTarget;
			buildConfigurationList = 4675336E2333B59800A2063A /* Build configuration list for PBXNativeTarget "CurrencyConverterTests" */;
			buildPhases = (
				07665660A043935632C02E1F /* [CP] Check Pods Manifest.lock */,
				467533532333B59800A2063A /* Sources */,
				467533542333B59800A2063A /* Frameworks */,
				467533552333B59800A2063A /* Resources */,
			);
			buildRules = (
			);
			dependencies = (
				467533592333B59800A2063A /* PBXTargetDependency */,
			);
			name = CurrencyConverterTests;
			productName = CurrencyConverterTests;
			productReference = 467533572333B59800A2063A /* CurrencyConverterTests.xctest */;
			productType = "com.apple.product-type.bundle.unit-test";
		};
		467533612333B59800A2063A /* CurrencyConverterUITests */ = {
			isa = PBXNativeTarget;
			buildConfigurationList = 467533712333B59800A2063A /* Build configuration list for PBXNativeTarget "CurrencyConverterUITests" */;
			buildPhases = (
				FECA50A96D0F734D8D1F5436 /* [CP] Check Pods Manifest.lock */,
				4675335E2333B59800A2063A /* Sources */,
				4675335F2333B59800A2063A /* Frameworks */,
				467533602333B59800A2063A /* Resources */,
			);
			buildRules = (
			);
			dependencies = (
				467533642333B59800A2063A /* PBXTargetDependency */,
			);
			name = CurrencyConverterUITests;
			productName = CurrencyConverterUITests;
			productReference = 467533622333B59800A2063A /* CurrencyConverterUITests.xctest */;
			productType = "com.apple.product-type.bundle.ui-testing";
		};
/* End PBXNativeTarget section */

/* Begin PBXProject section */
		4675333B2333B59600A2063A /* Project object */ = {
			isa = PBXProject;
			attributes = {
				LastSwiftUpdateCheck = 1030;
				LastUpgradeCheck = 1030;
				ORGANIZATIONNAME = "Sehmus GOKCE";
				TargetAttributes = {
					467533422333B59600A2063A = {
						CreatedOnToolsVersion = 10.3;
					};
					467533562333B59800A2063A = {
						CreatedOnToolsVersion = 10.3;
						TestTargetID = 467533422333B59600A2063A;
					};
					467533612333B59800A2063A = {
						CreatedOnToolsVersion = 10.3;
						TestTargetID = 467533422333B59600A2063A;
					};
				};
			};
			buildConfigurationList = 4675333E2333B59600A2063A /* Build configuration list for PBXProject "CurrencyConverter" */;
			compatibilityVersion = "Xcode 9.3";
			developmentRegion = en;
			hasScannedForEncodings = 0;
			knownRegions = (
				en,
				Base,
			);
			mainGroup = 4675333A2333B59600A2063A;
			productRefGroup = 467533442333B59600A2063A /* Products */;
			projectDirPath = "";
			projectRoot = "";
			targets = (
				467533422333B59600A2063A /* CurrencyConverter */,
				467533562333B59800A2063A /* CurrencyConverterTests */,
				467533612333B59800A2063A /* CurrencyConverterUITests */,
			);
		};
/* End PBXProject section */

/* Begin PBXResourcesBuildPhase section */
		467533412333B59600A2063A /* Resources */ = {
			isa = PBXResourcesBuildPhase;
			buildActionMask = 2147483647;
			files = (
				467533512333B59800A2063A /* LaunchScreen.storyboard in Resources */,
				46C845852334C51000B37A50 /* CurrencyTableViewCell.xib in Resources */,
				4630F1E323367BE4001A7A40 /* CurrencyTextField.xib in Resources */,
				46C8457D2334B66500B37A50 /* Localizable.strings in Resources */,
				4675334E2333B59800A2063A /* Assets.xcassets in Resources */,
				4675334C2333B59600A2063A /* Main.storyboard in Resources */,
			);
			runOnlyForDeploymentPostprocessing = 0;
		};
		467533552333B59800A2063A /* Resources */ = {
			isa = PBXResourcesBuildPhase;
			buildActionMask = 2147483647;
			files = (
			);
			runOnlyForDeploymentPostprocessing = 0;
		};
		467533602333B59800A2063A /* Resources */ = {
			isa = PBXResourcesBuildPhase;
			buildActionMask = 2147483647;
			files = (
			);
			runOnlyForDeploymentPostprocessing = 0;
		};
/* End PBXResourcesBuildPhase section */

/* Begin PBXShellScriptBuildPhase section */
		07665660A043935632C02E1F /* [CP] Check Pods Manifest.lock */ = {
			isa = PBXShellScriptBuildPhase;
			buildActionMask = 2147483647;
			files = (
			);
			inputFileListPaths = (
			);
			inputPaths = (
				"${PODS_PODFILE_DIR_PATH}/Podfile.lock",
				"${PODS_ROOT}/Manifest.lock",
			);
			name = "[CP] Check Pods Manifest.lock";
			outputFileListPaths = (
			);
			outputPaths = (
				"$(DERIVED_FILE_DIR)/Pods-CurrencyConverterTests-checkManifestLockResult.txt",
			);
			runOnlyForDeploymentPostprocessing = 0;
			shellPath = /bin/sh;
			shellScript = "diff \"${PODS_PODFILE_DIR_PATH}/Podfile.lock\" \"${PODS_ROOT}/Manifest.lock\" > /dev/null\nif [ $? != 0 ] ; then\n    # print error to STDERR\n    echo \"error: The sandbox is not in sync with the Podfile.lock. Run 'pod install' or update your CocoaPods installation.\" >&2\n    exit 1\nfi\n# This output is used by Xcode 'outputs' to avoid re-running this script phase.\necho \"SUCCESS\" > \"${SCRIPT_OUTPUT_FILE_0}\"\n";
			showEnvVarsInLog = 0;
		};
		4786D3542718582EE01E166C /* [CP] Check Pods Manifest.lock */ = {
			isa = PBXShellScriptBuildPhase;
			buildActionMask = 2147483647;
			files = (
			);
			inputFileListPaths = (
			);
			inputPaths = (
				"${PODS_PODFILE_DIR_PATH}/Podfile.lock",
				"${PODS_ROOT}/Manifest.lock",
			);
			name = "[CP] Check Pods Manifest.lock";
			outputFileListPaths = (
			);
			outputPaths = (
				"$(DERIVED_FILE_DIR)/Pods-CurrencyConverter-checkManifestLockResult.txt",
			);
			runOnlyForDeploymentPostprocessing = 0;
			shellPath = /bin/sh;
			shellScript = "diff \"${PODS_PODFILE_DIR_PATH}/Podfile.lock\" \"${PODS_ROOT}/Manifest.lock\" > /dev/null\nif [ $? != 0 ] ; then\n    # print error to STDERR\n    echo \"error: The sandbox is not in sync with the Podfile.lock. Run 'pod install' or update your CocoaPods installation.\" >&2\n    exit 1\nfi\n# This output is used by Xcode 'outputs' to avoid re-running this script phase.\necho \"SUCCESS\" > \"${SCRIPT_OUTPUT_FILE_0}\"\n";
			showEnvVarsInLog = 0;
		};
		56A3E10CD792B5730A57D340 /* [CP] Embed Pods Frameworks */ = {
			isa = PBXShellScriptBuildPhase;
			buildActionMask = 2147483647;
			files = (
			);
			inputFileListPaths = (
				"${PODS_ROOT}/Target Support Files/Pods-CurrencyConverter/Pods-CurrencyConverter-frameworks-${CONFIGURATION}-input-files.xcfilelist",
			);
			name = "[CP] Embed Pods Frameworks";
			outputFileListPaths = (
				"${PODS_ROOT}/Target Support Files/Pods-CurrencyConverter/Pods-CurrencyConverter-frameworks-${CONFIGURATION}-output-files.xcfilelist",
			);
			runOnlyForDeploymentPostprocessing = 0;
			shellPath = /bin/sh;
			shellScript = "\"${PODS_ROOT}/Target Support Files/Pods-CurrencyConverter/Pods-CurrencyConverter-frameworks.sh\"\n";
			showEnvVarsInLog = 0;
		};
		FECA50A96D0F734D8D1F5436 /* [CP] Check Pods Manifest.lock */ = {
			isa = PBXShellScriptBuildPhase;
			buildActionMask = 2147483647;
			files = (
			);
			inputFileListPaths = (
			);
			inputPaths = (
				"${PODS_PODFILE_DIR_PATH}/Podfile.lock",
				"${PODS_ROOT}/Manifest.lock",
			);
			name = "[CP] Check Pods Manifest.lock";
			outputFileListPaths = (
			);
			outputPaths = (
				"$(DERIVED_FILE_DIR)/Pods-CurrencyConverterUITests-checkManifestLockResult.txt",
			);
			runOnlyForDeploymentPostprocessing = 0;
			shellPath = /bin/sh;
			shellScript = "diff \"${PODS_PODFILE_DIR_PATH}/Podfile.lock\" \"${PODS_ROOT}/Manifest.lock\" > /dev/null\nif [ $? != 0 ] ; then\n    # print error to STDERR\n    echo \"error: The sandbox is not in sync with the Podfile.lock. Run 'pod install' or update your CocoaPods installation.\" >&2\n    exit 1\nfi\n# This output is used by Xcode 'outputs' to avoid re-running this script phase.\necho \"SUCCESS\" > \"${SCRIPT_OUTPUT_FILE_0}\"\n";
			showEnvVarsInLog = 0;
		};
/* End PBXShellScriptBuildPhase section */

/* Begin PBXSourcesBuildPhase section */
		4675333F2333B59600A2063A /* Sources */ = {
			isa = PBXSourcesBuildPhase;
			buildActionMask = 2147483647;
			files = (
				46C845892334EEAD00B37A50 /* BaseViewController.swift in Sources */,
				4630F1E72336887A001A7A40 /* CurrencyConversionViewModel.swift in Sources */,
				4630F1E5233686E3001A7A40 /* CurrencyConversionViewController.swift in Sources */,
				4645919A233429AD00E30CD1 /* Constants.swift in Sources */,
				4645919323341B8300E30CD1 /* Currency.swift in Sources */,
				469D54D62393027D00B66A98 /* BaseViewModel.swift in Sources */,
				4630F1E223367BE4001A7A40 /* CurrencyTextField.swift in Sources */,
				46C845872334EC6E00B37A50 /* ViewUtil.swift in Sources */,
				46C845762334B4F700B37A50 /* StringExtension.swift in Sources */,
				464591A423342B7700E30CD1 /* LatestCurrencyResultModel.swift in Sources */,
				4645919123341B6600E30CD1 /* CurrenciesViewModel.swift in Sources */,
				46C8458C2335059B00B37A50 /* NSObjectExtension.swift in Sources */,
				46C845842334C51000B37A50 /* CurrencyTableViewCell.swift in Sources */,
				4645919D23342A6D00E30CD1 /* ColorExtension.swift in Sources */,
				464591A023342AEE00E30CD1 /* CurrencyService.swift in Sources */,
				467533492333B59600A2063A /* CurrenciesViewController.swift in Sources */,
				464591A623342CA000E30CD1 /* SymbolsResultModel.swift in Sources */,
				467533472333B59600A2063A /* AppDelegate.swift in Sources */,
			);
			runOnlyForDeploymentPostprocessing = 0;
		};
		467533532333B59800A2063A /* Sources */ = {
			isa = PBXSourcesBuildPhase;
			buildActionMask = 2147483647;
			files = (
				4675335C2333B59800A2063A /* CurrencyConverterTests.swift in Sources */,
			);
			runOnlyForDeploymentPostprocessing = 0;
		};
		4675335E2333B59800A2063A /* Sources */ = {
			isa = PBXSourcesBuildPhase;
			buildActionMask = 2147483647;
			files = (
				467533672333B59800A2063A /* CurrencyConverterUITests.swift in Sources */,
			);
			runOnlyForDeploymentPostprocessing = 0;
		};
/* End PBXSourcesBuildPhase section */

/* Begin PBXTargetDependency section */
		467533592333B59800A2063A /* PBXTargetDependency */ = {
			isa = PBXTargetDependency;
			target = 467533422333B59600A2063A /* CurrencyConverter */;
			targetProxy = 467533582333B59800A2063A /* PBXContainerItemProxy */;
		};
		467533642333B59800A2063A /* PBXTargetDependency */ = {
			isa = PBXTargetDependency;
			target = 467533422333B59600A2063A /* CurrencyConverter */;
			targetProxy = 467533632333B59800A2063A /* PBXContainerItemProxy */;
		};
/* End PBXTargetDependency section */

/* Begin PBXVariantGroup section */
		4675334A2333B59600A2063A /* Main.storyboard */ = {
			isa = PBXVariantGroup;
			children = (
				4675334B2333B59600A2063A /* Base */,
				46C8457A2334B62200B37A50 /* en */,
			);
			name = Main.storyboard;
			sourceTree = "<group>";
		};
		4675334F2333B59800A2063A /* LaunchScreen.storyboard */ = {
			isa = PBXVariantGroup;
			children = (
				467533502333B59800A2063A /* Base */,
			);
			name = LaunchScreen.storyboard;
			sourceTree = "<group>";
		};
		46C8457F2334B66500B37A50 /* Localizable.strings */ = {
			isa = PBXVariantGroup;
			children = (
				46C8457E2334B66500B37A50 /* en */,
			);
			name = Localizable.strings;
			sourceTree = "<group>";
		};
/* End PBXVariantGroup section */

/* Begin XCBuildConfiguration section */
		467533692333B59800A2063A /* Debug */ = {
			isa = XCBuildConfiguration;
			buildSettings = {
				ALWAYS_SEARCH_USER_PATHS = NO;
				CLANG_ANALYZER_LOCALIZABILITY_NONLOCALIZED = YES;
				CLANG_ANALYZER_NONNULL = YES;
				CLANG_ANALYZER_NUMBER_OBJECT_CONVERSION = YES_AGGRESSIVE;
				CLANG_CXX_LANGUAGE_STANDARD = "gnu++14";
				CLANG_CXX_LIBRARY = "libc++";
				CLANG_ENABLE_MODULES = YES;
				CLANG_ENABLE_OBJC_ARC = YES;
				CLANG_ENABLE_OBJC_WEAK = YES;
				CLANG_WARN_BLOCK_CAPTURE_AUTORELEASING = YES;
				CLANG_WARN_BOOL_CONVERSION = YES;
				CLANG_WARN_COMMA = YES;
				CLANG_WARN_CONSTANT_CONVERSION = YES;
				CLANG_WARN_DEPRECATED_OBJC_IMPLEMENTATIONS = YES;
				CLANG_WARN_DIRECT_OBJC_ISA_USAGE = YES_ERROR;
				CLANG_WARN_DOCUMENTATION_COMMENTS = YES;
				CLANG_WARN_EMPTY_BODY = YES;
				CLANG_WARN_ENUM_CONVERSION = YES;
				CLANG_WARN_INFINITE_RECURSION = YES;
				CLANG_WARN_INT_CONVERSION = YES;
				CLANG_WARN_NON_LITERAL_NULL_CONVERSION = YES;
				CLANG_WARN_OBJC_IMPLICIT_RETAIN_SELF = YES;
				CLANG_WARN_OBJC_LITERAL_CONVERSION = YES;
				CLANG_WARN_OBJC_ROOT_CLASS = YES_ERROR;
				CLANG_WARN_RANGE_LOOP_ANALYSIS = YES;
				CLANG_WARN_STRICT_PROTOTYPES = YES;
				CLANG_WARN_SUSPICIOUS_MOVE = YES;
				CLANG_WARN_UNGUARDED_AVAILABILITY = YES_AGGRESSIVE;
				CLANG_WARN_UNREACHABLE_CODE = YES;
				CLANG_WARN__DUPLICATE_METHOD_MATCH = YES;
				CODE_SIGN_IDENTITY = "iPhone Developer";
				COPY_PHASE_STRIP = NO;
				DEBUG_INFORMATION_FORMAT = dwarf;
				ENABLE_STRICT_OBJC_MSGSEND = YES;
				ENABLE_TESTABILITY = YES;
				GCC_C_LANGUAGE_STANDARD = gnu11;
				GCC_DYNAMIC_NO_PIC = NO;
				GCC_NO_COMMON_BLOCKS = YES;
				GCC_OPTIMIZATION_LEVEL = 0;
				GCC_PREPROCESSOR_DEFINITIONS = (
					"DEBUG=1",
					"$(inherited)",
				);
				GCC_WARN_64_TO_32_BIT_CONVERSION = YES;
				GCC_WARN_ABOUT_RETURN_TYPE = YES_ERROR;
				GCC_WARN_UNDECLARED_SELECTOR = YES;
				GCC_WARN_UNINITIALIZED_AUTOS = YES_AGGRESSIVE;
				GCC_WARN_UNUSED_FUNCTION = YES;
				GCC_WARN_UNUSED_VARIABLE = YES;
				IPHONEOS_DEPLOYMENT_TARGET = 12.4;
				MTL_ENABLE_DEBUG_INFO = INCLUDE_SOURCE;
				MTL_FAST_MATH = YES;
				ONLY_ACTIVE_ARCH = YES;
				SDKROOT = iphoneos;
				SWIFT_ACTIVE_COMPILATION_CONDITIONS = DEBUG;
				SWIFT_OPTIMIZATION_LEVEL = "-Onone";
			};
			name = Debug;
		};
		4675336A2333B59800A2063A /* Release */ = {
			isa = XCBuildConfiguration;
			buildSettings = {
				ALWAYS_SEARCH_USER_PATHS = NO;
				CLANG_ANALYZER_LOCALIZABILITY_NONLOCALIZED = YES;
				CLANG_ANALYZER_NONNULL = YES;
				CLANG_ANALYZER_NUMBER_OBJECT_CONVERSION = YES_AGGRESSIVE;
				CLANG_CXX_LANGUAGE_STANDARD = "gnu++14";
				CLANG_CXX_LIBRARY = "libc++";
				CLANG_ENABLE_MODULES = YES;
				CLANG_ENABLE_OBJC_ARC = YES;
				CLANG_ENABLE_OBJC_WEAK = YES;
				CLANG_WARN_BLOCK_CAPTURE_AUTORELEASING = YES;
				CLANG_WARN_BOOL_CONVERSION = YES;
				CLANG_WARN_COMMA = YES;
				CLANG_WARN_CONSTANT_CONVERSION = YES;
				CLANG_WARN_DEPRECATED_OBJC_IMPLEMENTATIONS = YES;
				CLANG_WARN_DIRECT_OBJC_ISA_USAGE = YES_ERROR;
				CLANG_WARN_DOCUMENTATION_COMMENTS = YES;
				CLANG_WARN_EMPTY_BODY = YES;
				CLANG_WARN_ENUM_CONVERSION = YES;
				CLANG_WARN_INFINITE_RECURSION = YES;
				CLANG_WARN_INT_CONVERSION = YES;
				CLANG_WARN_NON_LITERAL_NULL_CONVERSION = YES;
				CLANG_WARN_OBJC_IMPLICIT_RETAIN_SELF = YES;
				CLANG_WARN_OBJC_LITERAL_CONVERSION = YES;
				CLANG_WARN_OBJC_ROOT_CLASS = YES_ERROR;
				CLANG_WARN_RANGE_LOOP_ANALYSIS = YES;
				CLANG_WARN_STRICT_PROTOTYPES = YES;
				CLANG_WARN_SUSPICIOUS_MOVE = YES;
				CLANG_WARN_UNGUARDED_AVAILABILITY = YES_AGGRESSIVE;
				CLANG_WARN_UNREACHABLE_CODE = YES;
				CLANG_WARN__DUPLICATE_METHOD_MATCH = YES;
				CODE_SIGN_IDENTITY = "iPhone Developer";
				COPY_PHASE_STRIP = NO;
				DEBUG_INFORMATION_FORMAT = "dwarf-with-dsym";
				ENABLE_NS_ASSERTIONS = NO;
				ENABLE_STRICT_OBJC_MSGSEND = YES;
				GCC_C_LANGUAGE_STANDARD = gnu11;
				GCC_NO_COMMON_BLOCKS = YES;
				GCC_WARN_64_TO_32_BIT_CONVERSION = YES;
				GCC_WARN_ABOUT_RETURN_TYPE = YES_ERROR;
				GCC_WARN_UNDECLARED_SELECTOR = YES;
				GCC_WARN_UNINITIALIZED_AUTOS = YES_AGGRESSIVE;
				GCC_WARN_UNUSED_FUNCTION = YES;
				GCC_WARN_UNUSED_VARIABLE = YES;
				IPHONEOS_DEPLOYMENT_TARGET = 12.4;
				MTL_ENABLE_DEBUG_INFO = NO;
				MTL_FAST_MATH = YES;
				SDKROOT = iphoneos;
				SWIFT_COMPILATION_MODE = wholemodule;
				SWIFT_OPTIMIZATION_LEVEL = "-O";
				VALIDATE_PRODUCT = YES;
			};
			name = Release;
		};
		4675336C2333B59800A2063A /* Debug */ = {
			isa = XCBuildConfiguration;
			baseConfigurationReference = DB2182F98A1B829A6282EC42 /* Pods-CurrencyConverter.debug.xcconfig */;
			buildSettings = {
				ASSETCATALOG_COMPILER_APPICON_NAME = AppIcon;
				CODE_SIGN_STYLE = Automatic;
				INFOPLIST_FILE = CurrencyConverter/Info.plist;
				LD_RUNPATH_SEARCH_PATHS = (
					"$(inherited)",
					"@executable_path/Frameworks",
				);
				PRODUCT_BUNDLE_IDENTIFIER = com.sehmusgokce.movelist.CurrencyConverter;
				PRODUCT_NAME = "$(TARGET_NAME)";
				SWIFT_VERSION = 5.0;
				TARGETED_DEVICE_FAMILY = "1,2";
			};
			name = Debug;
		};
		4675336D2333B59800A2063A /* Release */ = {
			isa = XCBuildConfiguration;
			baseConfigurationReference = 398C5D5B3AE4C464A684FA4B /* Pods-CurrencyConverter.release.xcconfig */;
			buildSettings = {
				ASSETCATALOG_COMPILER_APPICON_NAME = AppIcon;
				CODE_SIGN_STYLE = Automatic;
				INFOPLIST_FILE = CurrencyConverter/Info.plist;
				LD_RUNPATH_SEARCH_PATHS = (
					"$(inherited)",
					"@executable_path/Frameworks",
				);
				PRODUCT_BUNDLE_IDENTIFIER = com.sehmusgokce.movelist.CurrencyConverter;
				PRODUCT_NAME = "$(TARGET_NAME)";
				SWIFT_VERSION = 5.0;
				TARGETED_DEVICE_FAMILY = "1,2";
			};
			name = Release;
		};
		4675336F2333B59800A2063A /* Debug */ = {
			isa = XCBuildConfiguration;
			baseConfigurationReference = B51F00E5B727B540E2C6F41C /* Pods-CurrencyConverterTests.debug.xcconfig */;
			buildSettings = {
				ALWAYS_EMBED_SWIFT_STANDARD_LIBRARIES = YES;
				BUNDLE_LOADER = "$(TEST_HOST)";
				CODE_SIGN_STYLE = Automatic;
				INFOPLIST_FILE = CurrencyConverterTests/Info.plist;
				LD_RUNPATH_SEARCH_PATHS = (
					"$(inherited)",
					"@executable_path/Frameworks",
					"@loader_path/Frameworks",
				);
				PRODUCT_BUNDLE_IDENTIFIER = com.sehmusgokce.movelist.CurrencyConverterTests;
				PRODUCT_NAME = "$(TARGET_NAME)";
				SWIFT_VERSION = 5.0;
				TARGETED_DEVICE_FAMILY = "1,2";
				TEST_HOST = "$(BUILT_PRODUCTS_DIR)/CurrencyConverter.app/CurrencyConverter";
			};
			name = Debug;
		};
		467533702333B59800A2063A /* Release */ = {
			isa = XCBuildConfiguration;
			baseConfigurationReference = A8FD0A48C89192361FDD9FDD /* Pods-CurrencyConverterTests.release.xcconfig */;
			buildSettings = {
				ALWAYS_EMBED_SWIFT_STANDARD_LIBRARIES = YES;
				BUNDLE_LOADER = "$(TEST_HOST)";
				CODE_SIGN_STYLE = Automatic;
				INFOPLIST_FILE = CurrencyConverterTests/Info.plist;
				LD_RUNPATH_SEARCH_PATHS = (
					"$(inherited)",
					"@executable_path/Frameworks",
					"@loader_path/Frameworks",
				);
				PRODUCT_BUNDLE_IDENTIFIER = com.sehmusgokce.movelist.CurrencyConverterTests;
				PRODUCT_NAME = "$(TARGET_NAME)";
				SWIFT_VERSION = 5.0;
				TARGETED_DEVICE_FAMILY = "1,2";
				TEST_HOST = "$(BUILT_PRODUCTS_DIR)/CurrencyConverter.app/CurrencyConverter";
			};
			name = Release;
		};
		467533722333B59800A2063A /* Debug */ = {
			isa = XCBuildConfiguration;
			baseConfigurationReference = 55B2300AD6BD88F0853B7711 /* Pods-CurrencyConverterUITests.debug.xcconfig */;
			buildSettings = {
				ALWAYS_EMBED_SWIFT_STANDARD_LIBRARIES = YES;
				CODE_SIGN_STYLE = Automatic;
				INFOPLIST_FILE = CurrencyConverterUITests/Info.plist;
				LD_RUNPATH_SEARCH_PATHS = (
					"$(inherited)",
					"@executable_path/Frameworks",
					"@loader_path/Frameworks",
				);
				PRODUCT_BUNDLE_IDENTIFIER = com.sehmusgokce.movelist.CurrencyConverterUITests;
				PRODUCT_NAME = "$(TARGET_NAME)";
				SWIFT_VERSION = 5.0;
				TARGETED_DEVICE_FAMILY = "1,2";
				TEST_TARGET_NAME = CurrencyConverter;
			};
			name = Debug;
		};
		467533732333B59800A2063A /* Release */ = {
			isa = XCBuildConfiguration;
			baseConfigurationReference = 6B2043BCE52EA9B281A61704 /* Pods-CurrencyConverterUITests.release.xcconfig */;
			buildSettings = {
				ALWAYS_EMBED_SWIFT_STANDARD_LIBRARIES = YES;
				CODE_SIGN_STYLE = Automatic;
				INFOPLIST_FILE = CurrencyConverterUITests/Info.plist;
				LD_RUNPATH_SEARCH_PATHS = (
					"$(inherited)",
					"@executable_path/Frameworks",
					"@loader_path/Frameworks",
				);
				PRODUCT_BUNDLE_IDENTIFIER = com.sehmusgokce.movelist.CurrencyConverterUITests;
				PRODUCT_NAME = "$(TARGET_NAME)";
				SWIFT_VERSION = 5.0;
				TARGETED_DEVICE_FAMILY = "1,2";
				TEST_TARGET_NAME = CurrencyConverter;
			};
			name = Release;
		};
/* End XCBuildConfiguration section */

/* Begin XCConfigurationList section */
		4675333E2333B59600A2063A /* Build configuration list for PBXProject "CurrencyConverter" */ = {
			isa = XCConfigurationList;
			buildConfigurations = (
				467533692333B59800A2063A /* Debug */,
				4675336A2333B59800A2063A /* Release */,
			);
			defaultConfigurationIsVisible = 0;
			defaultConfigurationName = Release;
		};
		4675336B2333B59800A2063A /* Build configuration list for PBXNativeTarget "CurrencyConverter" */ = {
			isa = XCConfigurationList;
			buildConfigurations = (
				4675336C2333B59800A2063A /* Debug */,
				4675336D2333B59800A2063A /* Release */,
			);
			defaultConfigurationIsVisible = 0;
			defaultConfigurationName = Release;
		};
		4675336E2333B59800A2063A /* Build configuration list for PBXNativeTarget "CurrencyConverterTests" */ = {
			isa = XCConfigurationList;
			buildConfigurations = (
				4675336F2333B59800A2063A /* Debug */,
				467533702333B59800A2063A /* Release */,
			);
			defaultConfigurationIsVisible = 0;
			defaultConfigurationName = Release;
		};
		467533712333B59800A2063A /* Build configuration list for PBXNativeTarget "CurrencyConverterUITests" */ = {
			isa = XCConfigurationList;
			buildConfigurations = (
				467533722333B59800A2063A /* Debug */,
				467533732333B59800A2063A /* Release */,
			);
			defaultConfigurationIsVisible = 0;
			defaultConfigurationName = Release;
		};
/* End XCConfigurationList section */
	};
	rootObject = 4675333B2333B59600A2063A /* Project object */;
}
